// !$*UTF8*$!
{
	archiveVersion = 1;
	classes = {
	};
	objectVersion = 51;
	objects = {

/* Begin PBXBuildFile section */
		481A1DE624899D9B00A5409F /* cardflip.wav in Resources */ = {isa = PBXBuildFile; fileRef = 481A1DE224899D9A00A5409F /* cardflip.wav */; };
		481A1DE724899D9B00A5409F /* shuffle.wav in Resources */ = {isa = PBXBuildFile; fileRef = 481A1DE324899D9A00A5409F /* shuffle.wav */; };
		481A1DE824899D9B00A5409F /* dingwrong.wav in Resources */ = {isa = PBXBuildFile; fileRef = 481A1DE424899D9A00A5409F /* dingwrong.wav */; };
		481A1DE924899D9B00A5409F /* dingcorrect.wav in Resources */ = {isa = PBXBuildFile; fileRef = 481A1DE524899D9B00A5409F /* dingcorrect.wav */; };
		481A1DEC24899DFF00A5409F /* AVFoundation.framework in Frameworks */ = {isa = PBXBuildFile; fileRef = 481A1DEB24899DFF00A5409F /* AVFoundation.framework */; };
		481A1DEE24899E5000A5409F /* SoundManager.swift in Sources */ = {isa = PBXBuildFile; fileRef = 481A1DED24899E5000A5409F /* SoundManager.swift */; };
		4890E36A248801C0006FE158 /* CardModel.swift in Sources */ = {isa = PBXBuildFile; fileRef = 4890E369248801BF006FE158 /* CardModel.swift */; };
		4890E36C24880358006FE158 /* Card.swift in Sources */ = {isa = PBXBuildFile; fileRef = 4890E36B24880356006FE158 /* Card.swift */; };
		4890E36E24880B05006FE158 /* CardCollectionViewCell.swift in Sources */ = {isa = PBXBuildFile; fileRef = 4890E36D24880B05006FE158 /* CardCollectionViewCell.swift */; };
		48B1CEA7248AA55C006AD476 /* LogInViewController.swift in Sources */ = {isa = PBXBuildFile; fileRef = 48B1CEA6248AA55C006AD476 /* LogInViewController.swift */; };
		48D4FE802487EA0A00CA7EC1 /* AppDelegate.swift in Sources */ = {isa = PBXBuildFile; fileRef = 48D4FE7F2487EA0A00CA7EC1 /* AppDelegate.swift */; };
		48D4FE822487EA0A00CA7EC1 /* SceneDelegate.swift in Sources */ = {isa = PBXBuildFile; fileRef = 48D4FE812487EA0A00CA7EC1 /* SceneDelegate.swift */; };
		48D4FE842487EA0A00CA7EC1 /* ViewController.swift in Sources */ = {isa = PBXBuildFile; fileRef = 48D4FE832487EA0A00CA7EC1 /* ViewController.swift */; };
		48D4FE872487EA0A00CA7EC1 /* Main.storyboard in Resources */ = {isa = PBXBuildFile; fileRef = 48D4FE852487EA0A00CA7EC1 /* Main.storyboard */; };
		48D4FE892487EA0F00CA7EC1 /* Assets.xcassets in Resources */ = {isa = PBXBuildFile; fileRef = 48D4FE882487EA0F00CA7EC1 /* Assets.xcassets */; };
		48D4FE8C2487EA0F00CA7EC1 /* LaunchScreen.storyboard in Resources */ = {isa = PBXBuildFile; fileRef = 48D4FE8A2487EA0F00CA7EC1 /* LaunchScreen.storyboard */; };
		6672B04B507415FF621CB3B7 /* Pods_memree.framework in Frameworks */ = {isa = PBXBuildFile; fileRef = C2D31D401D7C5D87B6D005CF /* Pods_memree.framework */; };
/* End PBXBuildFile section */

/* Begin PBXFileReference section */
		481A1DE224899D9A00A5409F /* cardflip.wav */ = {isa = PBXFileReference; lastKnownFileType = audio.wav; path = cardflip.wav; sourceTree = "<group>"; };
		481A1DE324899D9A00A5409F /* shuffle.wav */ = {isa = PBXFileReference; lastKnownFileType = audio.wav; path = shuffle.wav; sourceTree = "<group>"; };
		481A1DE424899D9A00A5409F /* dingwrong.wav */ = {isa = PBXFileReference; lastKnownFileType = audio.wav; path = dingwrong.wav; sourceTree = "<group>"; };
		481A1DE524899D9B00A5409F /* dingcorrect.wav */ = {isa = PBXFileReference; lastKnownFileType = audio.wav; path = dingcorrect.wav; sourceTree = "<group>"; };
		481A1DEB24899DFF00A5409F /* AVFoundation.framework */ = {isa = PBXFileReference; lastKnownFileType = wrapper.framework; name = AVFoundation.framework; path = System/Library/Frameworks/AVFoundation.framework; sourceTree = SDKROOT; };
		481A1DED24899E5000A5409F /* SoundManager.swift */ = {isa = PBXFileReference; lastKnownFileType = sourcecode.swift; path = SoundManager.swift; sourceTree = "<group>"; };
		4890E369248801BF006FE158 /* CardModel.swift */ = {isa = PBXFileReference; lastKnownFileType = sourcecode.swift; path = CardModel.swift; sourceTree = "<group>"; };
		4890E36B24880356006FE158 /* Card.swift */ = {isa = PBXFileReference; lastKnownFileType = sourcecode.swift; path = Card.swift; sourceTree = "<group>"; };
		4890E36D24880B05006FE158 /* CardCollectionViewCell.swift */ = {isa = PBXFileReference; lastKnownFileType = sourcecode.swift; path = CardCollectionViewCell.swift; sourceTree = "<group>"; };
		48B1CEA6248AA55C006AD476 /* LogInViewController.swift */ = {isa = PBXFileReference; lastKnownFileType = sourcecode.swift; path = LogInViewController.swift; sourceTree = "<group>"; };
		48D4FE7C2487EA0A00CA7EC1 /* memree.app */ = {isa = PBXFileReference; explicitFileType = wrapper.application; includeInIndex = 0; path = memree.app; sourceTree = BUILT_PRODUCTS_DIR; };
		48D4FE7F2487EA0A00CA7EC1 /* AppDelegate.swift */ = {isa = PBXFileReference; lastKnownFileType = sourcecode.swift; path = AppDelegate.swift; sourceTree = "<group>"; };
		48D4FE812487EA0A00CA7EC1 /* SceneDelegate.swift */ = {isa = PBXFileReference; lastKnownFileType = sourcecode.swift; path = SceneDelegate.swift; sourceTree = "<group>"; };
		48D4FE832487EA0A00CA7EC1 /* ViewController.swift */ = {isa = PBXFileReference; lastKnownFileType = sourcecode.swift; path = ViewController.swift; sourceTree = "<group>"; };
		48D4FE862487EA0A00CA7EC1 /* Base */ = {isa = PBXFileReference; lastKnownFileType = file.storyboard; name = Base; path = Base.lproj/Main.storyboard; sourceTree = "<group>"; };
		48D4FE882487EA0F00CA7EC1 /* Assets.xcassets */ = {isa = PBXFileReference; lastKnownFileType = folder.assetcatalog; path = Assets.xcassets; sourceTree = "<group>"; };
		48D4FE8B2487EA0F00CA7EC1 /* Base */ = {isa = PBXFileReference; lastKnownFileType = file.storyboard; name = Base; path = Base.lproj/LaunchScreen.storyboard; sourceTree = "<group>"; };
		48D4FE8D2487EA0F00CA7EC1 /* Info.plist */ = {isa = PBXFileReference; lastKnownFileType = text.plist.xml; path = Info.plist; sourceTree = "<group>"; };
		B37FE57FA6D89FAFA1FD9AA5 /* Pods-memree.release.xcconfig */ = {isa = PBXFileReference; includeInIndex = 1; lastKnownFileType = text.xcconfig; name = "Pods-memree.release.xcconfig"; path = "Target Support Files/Pods-memree/Pods-memree.release.xcconfig"; sourceTree = "<group>"; };
		C2D31D401D7C5D87B6D005CF /* Pods_memree.framework */ = {isa = PBXFileReference; explicitFileType = wrapper.framework; includeInIndex = 0; path = Pods_memree.framework; sourceTree = BUILT_PRODUCTS_DIR; };
		C89603F5B5FC2DE096521011 /* Pods-memree.debug.xcconfig */ = {isa = PBXFileReference; includeInIndex = 1; lastKnownFileType = text.xcconfig; name = "Pods-memree.debug.xcconfig"; path = "Target Support Files/Pods-memree/Pods-memree.debug.xcconfig"; sourceTree = "<group>"; };
/* End PBXFileReference section */

/* Begin PBXFrameworksBuildPhase section */
		48D4FE792487EA0A00CA7EC1 /* Frameworks */ = {
			isa = PBXFrameworksBuildPhase;
			buildActionMask = 2147483647;
			files = (
				481A1DEC24899DFF00A5409F /* AVFoundation.framework in Frameworks */,
				6672B04B507415FF621CB3B7 /* Pods_memree.framework in Frameworks */,
			);
			runOnlyForDeploymentPostprocessing = 0;
		};
/* End PBXFrameworksBuildPhase section */

/* Begin PBXGroup section */
		481A1DE124899C9000A5409F /* Sounds */ = {
			isa = PBXGroup;
			children = (
				481A1DE224899D9A00A5409F /* cardflip.wav */,
				481A1DE524899D9B00A5409F /* dingcorrect.wav */,
				481A1DE424899D9A00A5409F /* dingwrong.wav */,
				481A1DE324899D9A00A5409F /* shuffle.wav */,
			);
			path = Sounds;
			sourceTree = "<group>";
		};
		481A1DEA24899DFF00A5409F /* Frameworks */ = {
			isa = PBXGroup;
			children = (
				481A1DEB24899DFF00A5409F /* AVFoundation.framework */,
				C2D31D401D7C5D87B6D005CF /* Pods_memree.framework */,
			);
			name = Frameworks;
			sourceTree = "<group>";
		};
		48D4FE732487EA0A00CA7EC1 = {
			isa = PBXGroup;
			children = (
				48D4FE7E2487EA0A00CA7EC1 /* memree */,
				48D4FE7D2487EA0A00CA7EC1 /* Products */,
				481A1DEA24899DFF00A5409F /* Frameworks */,
				F4358903B0650138250A74E1 /* Pods */,
			);
			sourceTree = "<group>";
		};
		48D4FE7D2487EA0A00CA7EC1 /* Products */ = {
			isa = PBXGroup;
			children = (
				48D4FE7C2487EA0A00CA7EC1 /* memree.app */,
			);
			name = Products;
			sourceTree = "<group>";
		};
		48D4FE7E2487EA0A00CA7EC1 /* memree */ = {
			isa = PBXGroup;
			children = (
				481A1DE124899C9000A5409F /* Sounds */,
				48D4FE7F2487EA0A00CA7EC1 /* AppDelegate.swift */,
				48D4FE812487EA0A00CA7EC1 /* SceneDelegate.swift */,
				48D4FE832487EA0A00CA7EC1 /* ViewController.swift */,
				4890E369248801BF006FE158 /* CardModel.swift */,
				4890E36B24880356006FE158 /* Card.swift */,
				4890E36D24880B05006FE158 /* CardCollectionViewCell.swift */,
				481A1DED24899E5000A5409F /* SoundManager.swift */,
				48B1CEA6248AA55C006AD476 /* LogInViewController.swift */,
				48D4FE852487EA0A00CA7EC1 /* Main.storyboard */,
				48D4FE882487EA0F00CA7EC1 /* Assets.xcassets */,
				48D4FE8A2487EA0F00CA7EC1 /* LaunchScreen.storyboard */,
				48D4FE8D2487EA0F00CA7EC1 /* Info.plist */,
			);
			path = memree;
			sourceTree = "<group>";
		};
		F4358903B0650138250A74E1 /* Pods */ = {
			isa = PBXGroup;
			children = (
				C89603F5B5FC2DE096521011 /* Pods-memree.debug.xcconfig */,
				B37FE57FA6D89FAFA1FD9AA5 /* Pods-memree.release.xcconfig */,
			);
			path = Pods;
			sourceTree = "<group>";
		};
/* End PBXGroup section */

/* Begin PBXNativeTarget section */
		48D4FE7B2487EA0A00CA7EC1 /* memree */ = {
			isa = PBXNativeTarget;
			buildConfigurationList = 48D4FE902487EA0F00CA7EC1 /* Build configuration list for PBXNativeTarget "memree" */;
			buildPhases = (
				45C9B04F616B9A140A1665D1 /* [CP] Check Pods Manifest.lock */,
				48D4FE782487EA0A00CA7EC1 /* Sources */,
				48D4FE792487EA0A00CA7EC1 /* Frameworks */,
				48D4FE7A2487EA0A00CA7EC1 /* Resources */,
				F6F3FC90A84BB8652EE04CD5 /* [CP] Embed Pods Frameworks */,
			);
			buildRules = (
			);
			dependencies = (
			);
			name = memree;
			productName = memree;
			productReference = 48D4FE7C2487EA0A00CA7EC1 /* memree.app */;
			productType = "com.apple.product-type.application";
		};
/* End PBXNativeTarget section */

/* Begin PBXProject section */
		48D4FE742487EA0A00CA7EC1 /* Project object */ = {
			isa = PBXProject;
			attributes = {
				LastSwiftUpdateCheck = 1140;
				LastUpgradeCheck = 1140;
				ORGANIZATIONNAME = "Semi Ismaili";
				TargetAttributes = {
					48D4FE7B2487EA0A00CA7EC1 = {
						CreatedOnToolsVersion = 11.4.1;
					};
				};
			};
			buildConfigurationList = 48D4FE772487EA0A00CA7EC1 /* Build configuration list for PBXProject "memree" */;
			compatibilityVersion = "Xcode 9.3";
			developmentRegion = en;
			hasScannedForEncodings = 0;
			knownRegions = (
				en,
				Base,
			);
			mainGroup = 48D4FE732487EA0A00CA7EC1;
			productRefGroup = 48D4FE7D2487EA0A00CA7EC1 /* Products */;
			projectDirPath = "";
			projectRoot = "";
			targets = (
				48D4FE7B2487EA0A00CA7EC1 /* memree */,
			);
		};
/* End PBXProject section */

/* Begin PBXResourcesBuildPhase section */
		48D4FE7A2487EA0A00CA7EC1 /* Resources */ = {
			isa = PBXResourcesBuildPhase;
			buildActionMask = 2147483647;
			files = (
				48D4FE8C2487EA0F00CA7EC1 /* LaunchScreen.storyboard in Resources */,
				481A1DE624899D9B00A5409F /* cardflip.wav in Resources */,
				481A1DE824899D9B00A5409F /* dingwrong.wav in Resources */,
				48D4FE892487EA0F00CA7EC1 /* Assets.xcassets in Resources */,
				48D4FE872487EA0A00CA7EC1 /* Main.storyboard in Resources */,
				481A1DE924899D9B00A5409F /* dingcorrect.wav in Resources */,
				481A1DE724899D9B00A5409F /* shuffle.wav in Resources */,
			);
			runOnlyForDeploymentPostprocessing = 0;
		};
/* End PBXResourcesBuildPhase section */

/* Begin PBXShellScriptBuildPhase section */
		45C9B04F616B9A140A1665D1 /* [CP] Check Pods Manifest.lock */ = {
			isa = PBXShellScriptBuildPhase;
			buildActionMask = 2147483647;
			files = (
			);
			inputFileListPaths = (
			);
			inputPaths = (
				"${PODS_PODFILE_DIR_PATH}/Podfile.lock",
				"${PODS_ROOT}/Manifest.lock",
			);
			name = "[CP] Check Pods Manifest.lock";
			outputFileListPaths = (
			);
			outputPaths = (
				"$(DERIVED_FILE_DIR)/Pods-memree-checkManifestLockResult.txt",
			);
			runOnlyForDeploymentPostprocessing = 0;
			shellPath = /bin/sh;
			shellScript = "diff \"${PODS_PODFILE_DIR_PATH}/Podfile.lock\" \"${PODS_ROOT}/Manifest.lock\" > /dev/null\nif [ $? != 0 ] ; then\n    # print error to STDERR\n    echo \"error: The sandbox is not in sync with the Podfile.lock. Run 'pod install' or update your CocoaPods installation.\" >&2\n    exit 1\nfi\n# This output is used by Xcode 'outputs' to avoid re-running this script phase.\necho \"SUCCESS\" > \"${SCRIPT_OUTPUT_FILE_0}\"\n";
			showEnvVarsInLog = 0;
		};
		F6F3FC90A84BB8652EE04CD5 /* [CP] Embed Pods Frameworks */ = {
			isa = PBXShellScriptBuildPhase;
			buildActionMask = 2147483647;
			files = (
			);
			inputFileListPaths = (
				"${PODS_ROOT}/Target Support Files/Pods-memree/Pods-memree-frameworks-${CONFIGURATION}-input-files.xcfilelist",
			);
			name = "[CP] Embed Pods Frameworks";
			outputFileListPaths = (
				"${PODS_ROOT}/Target Support Files/Pods-memree/Pods-memree-frameworks-${CONFIGURATION}-output-files.xcfilelist",
			);
			runOnlyForDeploymentPostprocessing = 0;
			shellPath = /bin/sh;
			shellScript = "\"${PODS_ROOT}/Target Support Files/Pods-memree/Pods-memree-frameworks.sh\"\n";
			showEnvVarsInLog = 0;
		};
/* End PBXShellScriptBuildPhase section */

/* Begin PBXSourcesBuildPhase section */
		48D4FE782487EA0A00CA7EC1 /* Sources */ = {
			isa = PBXSourcesBuildPhase;
			buildActionMask = 2147483647;
			files = (
				48D4FE842487EA0A00CA7EC1 /* ViewController.swift in Sources */,
				4890E36A248801C0006FE158 /* CardModel.swift in Sources */,
				4890E36C24880358006FE158 /* Card.swift in Sources */,
				48D4FE802487EA0A00CA7EC1 /* AppDelegate.swift in Sources */,
				48B1CEA7248AA55C006AD476 /* LogInViewController.swift in Sources */,
				4890E36E24880B05006FE158 /* CardCollectionViewCell.swift in Sources */,
				481A1DEE24899E5000A5409F /* SoundManager.swift in Sources */,
				48D4FE822487EA0A00CA7EC1 /* SceneDelegate.swift in Sources */,
			);
			runOnlyForDeploymentPostprocessing = 0;
		};
/* End PBXSourcesBuildPhase section */

/* Begin PBXVariantGroup section */
		48D4FE852487EA0A00CA7EC1 /* Main.storyboard */ = {
			isa = PBXVariantGroup;
			children = (
				48D4FE862487EA0A00CA7EC1 /* Base */,
			);
			name = Main.storyboard;
			sourceTree = "<group>";
		};
		48D4FE8A2487EA0F00CA7EC1 /* LaunchScreen.storyboard */ = {
			isa = PBXVariantGroup;
			children = (
				48D4FE8B2487EA0F00CA7EC1 /* Base */,
			);
			name = LaunchScreen.storyboard;
			sourceTree = "<group>";
		};
/* End PBXVariantGroup section */

/* Begin XCBuildConfiguration section */
		48D4FE8E2487EA0F00CA7EC1 /* Debug */ = {
			isa = XCBuildConfiguration;
			buildSettings = {
				ALWAYS_SEARCH_USER_PATHS = NO;
				CLANG_ANALYZER_NONNULL = YES;
				CLANG_ANALYZER_NUMBER_OBJECT_CONVERSION = YES_AGGRESSIVE;
				CLANG_CXX_LANGUAGE_STANDARD = "gnu++14";
				CLANG_CXX_LIBRARY = "libc++";
				CLANG_ENABLE_MODULES = YES;
				CLANG_ENABLE_OBJC_ARC = YES;
				CLANG_ENABLE_OBJC_WEAK = YES;
				CLANG_WARN_BLOCK_CAPTURE_AUTORELEASING = YES;
				CLANG_WARN_BOOL_CONVERSION = YES;
				CLANG_WARN_COMMA = YES;
				CLANG_WARN_CONSTANT_CONVERSION = YES;
				CLANG_WARN_DEPRECATED_OBJC_IMPLEMENTATIONS = YES;
				CLANG_WARN_DIRECT_OBJC_ISA_USAGE = YES_ERROR;
				CLANG_WARN_DOCUMENTATION_COMMENTS = YES;
				CLANG_WARN_EMPTY_BODY = YES;
				CLANG_WARN_ENUM_CONVERSION = YES;
				CLANG_WARN_INFINITE_RECURSION = YES;
				CLANG_WARN_INT_CONVERSION = YES;
				CLANG_WARN_NON_LITERAL_NULL_CONVERSION = YES;
				CLANG_WARN_OBJC_IMPLICIT_RETAIN_SELF = YES;
				CLANG_WARN_OBJC_LITERAL_CONVERSION = YES;
				CLANG_WARN_OBJC_ROOT_CLASS = YES_ERROR;
				CLANG_WARN_RANGE_LOOP_ANALYSIS = YES;
				CLANG_WARN_STRICT_PROTOTYPES = YES;
				CLANG_WARN_SUSPICIOUS_MOVE = YES;
				CLANG_WARN_UNGUARDED_AVAILABILITY = YES_AGGRESSIVE;
				CLANG_WARN_UNREACHABLE_CODE = YES;
				CLANG_WARN__DUPLICATE_METHOD_MATCH = YES;
				COPY_PHASE_STRIP = NO;
				DEBUG_INFORMATION_FORMAT = dwarf;
				ENABLE_STRICT_OBJC_MSGSEND = YES;
				ENABLE_TESTABILITY = YES;
				GCC_C_LANGUAGE_STANDARD = gnu11;
				GCC_DYNAMIC_NO_PIC = NO;
				GCC_NO_COMMON_BLOCKS = YES;
				GCC_OPTIMIZATION_LEVEL = 0;
				GCC_PREPROCESSOR_DEFINITIONS = (
					"DEBUG=1",
					"$(inherited)",
				);
				GCC_WARN_64_TO_32_BIT_CONVERSION = YES;
				GCC_WARN_ABOUT_RETURN_TYPE = YES_ERROR;
				GCC_WARN_UNDECLARED_SELECTOR = YES;
				GCC_WARN_UNINITIALIZED_AUTOS = YES_AGGRESSIVE;
				GCC_WARN_UNUSED_FUNCTION = YES;
				GCC_WARN_UNUSED_VARIABLE = YES;
				IPHONEOS_DEPLOYMENT_TARGET = 13.4;
				MTL_ENABLE_DEBUG_INFO = INCLUDE_SOURCE;
				MTL_FAST_MATH = YES;
				ONLY_ACTIVE_ARCH = YES;
				SDKROOT = iphoneos;
				SWIFT_ACTIVE_COMPILATION_CONDITIONS = DEBUG;
				SWIFT_OPTIMIZATION_LEVEL = "-Onone";
			};
			name = Debug;
		};
		48D4FE8F2487EA0F00CA7EC1 /* Release */ = {
			isa = XCBuildConfiguration;
			buildSettings = {
				ALWAYS_SEARCH_USER_PATHS = NO;
				CLANG_ANALYZER_NONNULL = YES;
				CLANG_ANALYZER_NUMBER_OBJECT_CONVERSION = YES_AGGRESSIVE;
				CLANG_CXX_LANGUAGE_STANDARD = "gnu++14";
				CLANG_CXX_LIBRARY = "libc++";
				CLANG_ENABLE_MODULES = YES;
				CLANG_ENABLE_OBJC_ARC = YES;
				CLANG_ENABLE_OBJC_WEAK = YES;
				CLANG_WARN_BLOCK_CAPTURE_AUTORELEASING = YES;
				CLANG_WARN_BOOL_CONVERSION = YES;
				CLANG_WARN_COMMA = YES;
				CLANG_WARN_CONSTANT_CONVERSION = YES;
				CLANG_WARN_DEPRECATED_OBJC_IMPLEMENTATIONS = YES;
				CLANG_WARN_DIRECT_OBJC_ISA_USAGE = YES_ERROR;
				CLANG_WARN_DOCUMENTATION_COMMENTS = YES;
				CLANG_WARN_EMPTY_BODY = YES;
				CLANG_WARN_ENUM_CONVERSION = YES;
				CLANG_WARN_INFINITE_RECURSION = YES;
				CLANG_WARN_INT_CONVERSION = YES;
				CLANG_WARN_NON_LITERAL_NULL_CONVERSION = YES;
				CLANG_WARN_OBJC_IMPLICIT_RETAIN_SELF = YES;
				CLANG_WARN_OBJC_LITERAL_CONVERSION = YES;
				CLANG_WARN_OBJC_ROOT_CLASS = YES_ERROR;
				CLANG_WARN_RANGE_LOOP_ANALYSIS = YES;
				CLANG_WARN_STRICT_PROTOTYPES = YES;
				CLANG_WARN_SUSPICIOUS_MOVE = YES;
				CLANG_WARN_UNGUARDED_AVAILABILITY = YES_AGGRESSIVE;
				CLANG_WARN_UNREACHABLE_CODE = YES;
				CLANG_WARN__DUPLICATE_METHOD_MATCH = YES;
				COPY_PHASE_STRIP = NO;
				DEBUG_INFORMATION_FORMAT = "dwarf-with-dsym";
				ENABLE_NS_ASSERTIONS = NO;
				ENABLE_STRICT_OBJC_MSGSEND = YES;
				GCC_C_LANGUAGE_STANDARD = gnu11;
				GCC_NO_COMMON_BLOCKS = YES;
				GCC_WARN_64_TO_32_BIT_CONVERSION = YES;
				GCC_WARN_ABOUT_RETURN_TYPE = YES_ERROR;
				GCC_WARN_UNDECLARED_SELECTOR = YES;
				GCC_WARN_UNINITIALIZED_AUTOS = YES_AGGRESSIVE;
				GCC_WARN_UNUSED_FUNCTION = YES;
				GCC_WARN_UNUSED_VARIABLE = YES;
				IPHONEOS_DEPLOYMENT_TARGET = 13.4;
				MTL_ENABLE_DEBUG_INFO = NO;
				MTL_FAST_MATH = YES;
				SDKROOT = iphoneos;
				SWIFT_COMPILATION_MODE = wholemodule;
				SWIFT_OPTIMIZATION_LEVEL = "-O";
				VALIDATE_PRODUCT = YES;
			};
			name = Release;
		};
		48D4FE912487EA0F00CA7EC1 /* Debug */ = {
			isa = XCBuildConfiguration;
			baseConfigurationReference = C89603F5B5FC2DE096521011 /* Pods-memree.debug.xcconfig */;
			buildSettings = {
				ASSETCATALOG_COMPILER_APPICON_NAME = AppIcon;
				CODE_SIGN_STYLE = Automatic;
				DEVELOPMENT_TEAM = 2S4PZDH5YH;
				INFOPLIST_FILE = memree/Info.plist;
				LD_RUNPATH_SEARCH_PATHS = (
					"$(inherited)",
					"@executable_path/Frameworks",
				);
				PRODUCT_BUNDLE_IDENTIFIER = semiismaili.memree;
				PRODUCT_NAME = "$(TARGET_NAME)";
				SWIFT_VERSION = 5.0;
				TARGETED_DEVICE_FAMILY = "1,2";
			};
			name = Debug;
		};
		48D4FE922487EA0F00CA7EC1 /* Release */ = {
			isa = XCBuildConfiguration;
			baseConfigurationReference = B37FE57FA6D89FAFA1FD9AA5 /* Pods-memree.release.xcconfig */;
			buildSettings = {
				ASSETCATALOG_COMPILER_APPICON_NAME = AppIcon;
				CODE_SIGN_STYLE = Automatic;
				DEVELOPMENT_TEAM = 2S4PZDH5YH;
				INFOPLIST_FILE = memree/Info.plist;
				LD_RUNPATH_SEARCH_PATHS = (
					"$(inherited)",
					"@executable_path/Frameworks",
				);
				PRODUCT_BUNDLE_IDENTIFIER = semiismaili.memree;
				PRODUCT_NAME = "$(TARGET_NAME)";
				SWIFT_VERSION = 5.0;
				TARGETED_DEVICE_FAMILY = "1,2";
			};
			name = Release;
		};
/* End XCBuildConfiguration section */

/* Begin XCConfigurationList section */
		48D4FE772487EA0A00CA7EC1 /* Build configuration list for PBXProject "memree" */ = {
			isa = XCConfigurationList;
			buildConfigurations = (
				48D4FE8E2487EA0F00CA7EC1 /* Debug */,
				48D4FE8F2487EA0F00CA7EC1 /* Release */,
			);
			defaultConfigurationIsVisible = 0;
			defaultConfigurationName = Release;
		};
		48D4FE902487EA0F00CA7EC1 /* Build configuration list for PBXNativeTarget "memree" */ = {
			isa = XCConfigurationList;
			buildConfigurations = (
				48D4FE912487EA0F00CA7EC1 /* Debug */,
				48D4FE922487EA0F00CA7EC1 /* Release */,
			);
			defaultConfigurationIsVisible = 0;
			defaultConfigurationName = Release;
		};
/* End XCConfigurationList section */
	};
	rootObject = 48D4FE742487EA0A00CA7EC1 /* Project object */;
}
